
Microsoft Visual Studio Solution File, Format Version 12.00
# Visual Studio Version 16
VisualStudioVersion = 16.0.31702.278
MinimumVisualStudioVersion = 10.0.40219.1
Project("{FAE04EC0-301F-11D3-BF4B-00C04F79EFBC}") = "DrawingForm", "DrawingForm\DrawingForm.csproj", "{C0618DAC-8696-4E65-A3AA-86421365028C}"
EndProject
Global
	GlobalSection(SolutionConfigurationPlatforms) = preSolution
		Debug|Any CPU = Debug|Any CPU
		Release|Any CPU = Release|Any CPU
	EndGlobalSection
	GlobalSection(ProjectConfigurationPlatforms) = postSolution
		{C0618DAC-8696-4E65-A3AA-86421365028C}.Debug|Any CPU.ActiveCfg = Debug|Any CPU
		{C0618DAC-8696-4E65-A3AA-86421365028C}.Debug|Any CPU.Build.0 = Debug|Any CPU
		{C0618DAC-8696-4E65-A3AA-86421365028C}.Release|Any CPU.ActiveCfg = Release|Any CPU
		{C0618DAC-8696-4E65-A3AA-86421365028C}.Release|Any CPU.Build.0 = Release|Any CPU
	EndGlobalSection
	GlobalSection(SolutionProperties) = preSolution
		HideSolutionNode = FALSE
	EndGlobalSection
	GlobalSection(ExtensibilityGlobals) = postSolution
		SolutionGuid = {C00E6870-E0EF-4EBC-94BF-CE347DC8C1AA}
	EndGlobalSection
EndGlobal
